
Microsoft Visual Studio Solution File, Format Version 12.00
# Visual Studio Version 17
VisualStudioVersion = 17.0.31903.59
MinimumVisualStudioVersion = 10.0.40219.1
Project("{FAE04EC0-301F-11D3-BF4B-00C04F79EFBC}") = "ChatApi", "ChatApi\ChatApi.csproj", "{699628FD-FE44-4785-8575-93F0A09B2257}"
EndProject
Project("{FAE04EC0-301F-11D3-BF4B-00C04F79EFBC}") = "ChatEntities", "ChatEntities\ChatEntities.csproj", "{5E4A5BB4-D73E-435D-AA73-E0688CDE7A8F}"
EndProject
Project("{FAE04EC0-301F-11D3-BF4B-00C04F79EFBC}") = "ChatRepositories", "ChatRepositories\ChatRepositories.csproj", "{0899E1A2-8E62-4AEA-B1DA-F1E7CA1761A1}"
EndProject
Global
	GlobalSection(SolutionConfigurationPlatforms) = preSolution
		Debug|Any CPU = Debug|Any CPU
		Release|Any CPU = Release|Any CPU
	EndGlobalSection
	GlobalSection(SolutionProperties) = preSolution
		HideSolutionNode = FALSE
	EndGlobalSection
	GlobalSection(ProjectConfigurationPlatforms) = postSolution
		{699628FD-FE44-4785-8575-93F0A09B2257}.Debug|Any CPU.ActiveCfg = Debug|Any CPU
		{699628FD-FE44-4785-8575-93F0A09B2257}.Debug|Any CPU.Build.0 = Debug|Any CPU
		{699628FD-FE44-4785-8575-93F0A09B2257}.Release|Any CPU.ActiveCfg = Release|Any CPU
		{699628FD-FE44-4785-8575-93F0A09B2257}.Release|Any CPU.Build.0 = Release|Any CPU
		{5E4A5BB4-D73E-435D-AA73-E0688CDE7A8F}.Debug|Any CPU.ActiveCfg = Debug|Any CPU
		{5E4A5BB4-D73E-435D-AA73-E0688CDE7A8F}.Debug|Any CPU.Build.0 = Debug|Any CPU
		{5E4A5BB4-D73E-435D-AA73-E0688CDE7A8F}.Release|Any CPU.ActiveCfg = Release|Any CPU
		{5E4A5BB4-D73E-435D-AA73-E0688CDE7A8F}.Release|Any CPU.Build.0 = Release|Any CPU
		{0899E1A2-8E62-4AEA-B1DA-F1E7CA1761A1}.Debug|Any CPU.ActiveCfg = Debug|Any CPU
		{0899E1A2-8E62-4AEA-B1DA-F1E7CA1761A1}.Debug|Any CPU.Build.0 = Debug|Any CPU
		{0899E1A2-8E62-4AEA-B1DA-F1E7CA1761A1}.Release|Any CPU.ActiveCfg = Release|Any CPU
		{0899E1A2-8E62-4AEA-B1DA-F1E7CA1761A1}.Release|Any CPU.Build.0 = Release|Any CPU
	EndGlobalSection
EndGlobal
