
Microsoft Visual Studio Solution File, Format Version 12.00
# Visual Studio Version 17
VisualStudioVersion = 17.0.31903.59
MinimumVisualStudioVersion = 10.0.40219.1
Project("{FAE04EC0-301F-11D3-BF4B-00C04F79EFBC}") = "BlogApi", "BlogApi\BlogApi.csproj", "{B1BD8B9A-A201-4A21-AE26-8EA1AF6ABD7E}"
EndProject
Project("{FAE04EC0-301F-11D3-BF4B-00C04F79EFBC}") = "BlogEntities", "BlogEntities\BlogEntities.csproj", "{574598EC-C727-4DA7-ABCE-371872179670}"
EndProject
Project("{FAE04EC0-301F-11D3-BF4B-00C04F79EFBC}") = "BlogRepositories", "BlogRepositories\BlogRepositories.csproj", "{60BCF830-0AA8-4049-9F89-53D4C1C44C1D}"
EndProject
Global
	GlobalSection(SolutionConfigurationPlatforms) = preSolution
		Debug|Any CPU = Debug|Any CPU
		Release|Any CPU = Release|Any CPU
	EndGlobalSection
	GlobalSection(SolutionProperties) = preSolution
		HideSolutionNode = FALSE
	EndGlobalSection
	GlobalSection(ProjectConfigurationPlatforms) = postSolution
		{B1BD8B9A-A201-4A21-AE26-8EA1AF6ABD7E}.Debug|Any CPU.ActiveCfg = Debug|Any CPU
		{B1BD8B9A-A201-4A21-AE26-8EA1AF6ABD7E}.Debug|Any CPU.Build.0 = Debug|Any CPU
		{B1BD8B9A-A201-4A21-AE26-8EA1AF6ABD7E}.Release|Any CPU.ActiveCfg = Release|Any CPU
		{B1BD8B9A-A201-4A21-AE26-8EA1AF6ABD7E}.Release|Any CPU.Build.0 = Release|Any CPU
		{574598EC-C727-4DA7-ABCE-371872179670}.Debug|Any CPU.ActiveCfg = Debug|Any CPU
		{574598EC-C727-4DA7-ABCE-371872179670}.Debug|Any CPU.Build.0 = Debug|Any CPU
		{574598EC-C727-4DA7-ABCE-371872179670}.Release|Any CPU.ActiveCfg = Release|Any CPU
		{574598EC-C727-4DA7-ABCE-371872179670}.Release|Any CPU.Build.0 = Release|Any CPU
		{60BCF830-0AA8-4049-9F89-53D4C1C44C1D}.Debug|Any CPU.ActiveCfg = Debug|Any CPU
		{60BCF830-0AA8-4049-9F89-53D4C1C44C1D}.Debug|Any CPU.Build.0 = Debug|Any CPU
		{60BCF830-0AA8-4049-9F89-53D4C1C44C1D}.Release|Any CPU.ActiveCfg = Release|Any CPU
		{60BCF830-0AA8-4049-9F89-53D4C1C44C1D}.Release|Any CPU.Build.0 = Release|Any CPU
	EndGlobalSection
EndGlobal
